<?xml version="1.0" encoding="utf-8"?>
<Project ToolsVersion="4.0" xmlns="http://schemas.microsoft.com/developer/msbuild/2003">
  <ItemGroup>
    <Filter Include="Source Files">
      <UniqueIdentifier>{4FC737F1-C7A5-4376-A066-2A32D752A2FF}</UniqueIdentifier>
      <Extensions>cpp;c;cc;cxx;c++;cppm;ixx;def;odl;idl;hpj;bat;asm;asmx</Extensions>
    </Filter>
    <Filter Include="Header Files">
      <UniqueIdentifier>{93995380-89BD-4b04-88EB-625FBE52EBFB}</UniqueIdentifier>
      <Extensions>h;hh;hpp;hxx;h++;hm;inl;inc;ipp;xsd</Extensions>
    </Filter>
    <Filter Include="Resource Files">
      <UniqueIdentifier>{67DA6AB6-F800-4c08-8B7A-83BB121AAD01}</UniqueIdentifier>
      <Extensions>rc;ico;cur;bmp;dlg;rc2;rct;bin;rgs;gif;jpg;jpeg;jpe;resx;tiff;tif;png;wav;mfcribbon-ms</Extensions>
    </Filter>
  </ItemGroup>
  <ItemGroup>
    <ClCompile Include="main.cpp">
      <Filter>Source Files</Filter>
    </ClCompile>
    <ClCompile Include="Engine\Engine.cpp">
      <Filter>Source Files</Filter>
    </ClCompile>
    <ClCompile Include="src\sdpch.cpp">
      <Filter>Source Files</Filter>
    </ClCompile>
    <ClCompile Include="Window\WindowManager.cpp">
      <Filter>Source Files</Filter>
    </ClCompile>
    <ClCompile Include="Input\InputManager.cpp">
      <Filter>Source Files</Filter>
    </ClCompile>
    <ClCompile Include="Graphics\TextureManager.cpp">
      <Filter>Source Files</Filter>
    </ClCompile>
    <ClCompile Include="Logger\Log.cpp">
      <Filter>Source Files</Filter>
    </ClCompile>
    <ClCompile Include="Component\SpriteRenderer.cpp">
      <Filter>Source Files</Filter>
    </ClCompile>
    <ClCompile Include="GameObject\GameObjectManager.cpp">
      <Filter>Source Files</Filter>
    </ClCompile>
    <ClCompile Include="GameObject\GameObject.cpp">
      <Filter>Source Files</Filter>
    </ClCompile>
    <ClCompile Include="Component\RigidBody2D.cpp">
      <Filter>Source Files</Filter>
    </ClCompile>
    <ClCompile Include="Time\Time.cpp">
      <Filter>Source Files</Filter>
    </ClCompile>
    <ClCompile Include="Collision\CollisionHandler.cpp">
      <Filter>Source Files</Filter>
    </ClCompile>
    <ClCompile Include="Component\BoxCollider2D.cpp">
      <Filter>Source Files</Filter>
    </ClCompile>
    <ClCompile Include="Camera\OrthographicCamera.cpp">
      <Filter>Source Files</Filter>
    </ClCompile>
    <ClCompile Include="Camera\Camera.cpp">
      <Filter>Source Files</Filter>
    </ClCompile>
    <ClCompile Include="Scene\Scene.cpp">
      <Filter>Source Files</Filter>
    </ClCompile>
    <ClCompile Include="Scene\SceneManager.cpp">
      <Filter>Source Files</Filter>
    </ClCompile>
    <ClCompile Include="Texture.cpp">
      <Filter>Source Files</Filter>
    </ClCompile>
    <ClCompile Include="Component\CircleCollider2D.cpp">
      <Filter>Source Files</Filter>
    </ClCompile>
    <ClCompile Include="FileIO\IOManager.cpp">
      <Filter>Source Files</Filter>
    </ClCompile>
    <ClCompile Include="ZomSurv\Level\LevelParser.cpp">
      <Filter>Source Files</Filter>
    </ClCompile>
    <ClCompile Include="ZomSurv\src\GameManager.cpp">
      <Filter>Source Files</Filter>
    </ClCompile>
    <ClCompile Include="ZomSurv\Entity\Player\Player.cpp">
      <Filter>Source Files</Filter>
    </ClCompile>
    <ClCompile Include="ZomSurv\Level\Room\RoomManager.cpp">
      <Filter>Source Files</Filter>
    </ClCompile>
    <ClCompile Include="ZomSurv\Level\LevelManager.cpp">
      <Filter>Source Files</Filter>
    </ClCompile>
    <ClCompile Include="ZomSurv\Level\DoorTrigger.cpp">
      <Filter>Source Files</Filter>
    </ClCompile>
    <ClCompile Include="ZomSurv\Entity\Zombie\IZombie.cpp">
      <Filter>Source Files</Filter>
    </ClCompile>
    <ClCompile Include="Random\Random.cpp">
      <Filter>Source Files</Filter>
    </ClCompile>
    <ClCompile Include="ZomSurv\src\GameStates\PreWaveState.cpp">
      <Filter>Source Files</Filter>
    </ClCompile>
    <ClCompile Include="ZomSurv\src\GameStates\SpawningZombiesState.cpp">
      <Filter>Source Files</Filter>
    </ClCompile>
    <ClCompile Include="ZomSurv\src\ZombieManager.cpp">
      <Filter>Source Files</Filter>
    </ClCompile>
    <ClCompile Include="ZomSurv\src\GameStates\GameStateManager.cpp">
      <Filter>Source Files</Filter>
    </ClCompile>
    <ClCompile Include="ZomSurv\src\GameStates\WaveBeingPlayedState.cpp">
      <Filter>Source Files</Filter>
    </ClCompile>
    <ClCompile Include="ZomSurv\Level\Door.cpp">
      <Filter>Source Files</Filter>
    </ClCompile>
    <ClCompile Include="ZomSurv\Entity\Zombie\ZombieCollision.cpp">
      <Filter>Source Files</Filter>
    </ClCompile>
    <ClCompile Include="Graphics\FontManager.cpp">
      <Filter>Source Files</Filter>
    </ClCompile>
    <ClCompile Include="ZomSurv\Weapons\Gun.cpp">
      <Filter>Source Files</Filter>
    </ClCompile>
    <ClCompile Include="ZomSurv\Weapons\GunManager.cpp">
      <Filter>Source Files</Filter>
    </ClCompile>
    <ClCompile Include="ZomSurv\Weapons\Ammo\Ammo.cpp">
      <Filter>Source Files</Filter>
    </ClCompile>
    <ClCompile Include="ZomSurv\Weapons\Bullet\Bullet.cpp">
      <Filter>Source Files</Filter>
    </ClCompile>
    <ClCompile Include="ZomSurv\Weapons\Bullet\BulletManager.cpp">
      <Filter>Source Files</Filter>
    </ClCompile>
    <ClCompile Include="ZomSurv\src\GameStates\WaveDisplayState.cpp">
      <Filter>Source Files</Filter>
    </ClCompile>
    <ClCompile Include="ZomSurv\src\GameSceneStates\MainMenuState.cpp">
      <Filter>Source Files</Filter>
    </ClCompile>
    <ClCompile Include="ZomSurv\src\GameSceneStates\LoadingState.cpp">
      <Filter>Source Files</Filter>
    </ClCompile>
    <ClCompile Include="ZomSurv\src\GameSceneStates\DeathState.cpp">
      <Filter>Source Files</Filter>
    </ClCompile>
    <ClCompile Include="Graphics\Button.cpp">
      <Filter>Source Files</Filter>
    </ClCompile>
    <ClCompile Include="ZomSurv\src\GameSceneStates\PlayingState.cpp">
      <Filter>Source Files</Filter>
    </ClCompile>
    <ClCompile Include="ZomSurv\Entity\Player\Hud.cpp">
      <Filter>Source Files</Filter>
    </ClCompile>
    <ClCompile Include="ZomSurv\Weapons\Bullet\BulletCollision.cpp">
      <Filter>Source Files</Filter>
    </ClCompile>
    <ClCompile Include="ZomSurv\PickUp\PickUpManager.cpp">
      <Filter>Source Files</Filter>
    </ClCompile>
    <ClCompile Include="ZomSurv\PickUp\IPickUp.cpp">
      <Filter>Source Files</Filter>
    </ClCompile>
    <ClCompile Include="ZomSurv\Level\PerkMachineTrigger.cpp">
      <Filter>Source Files</Filter>
    </ClCompile>
    <ClCompile Include="Audio\Audio.cpp">
      <Filter>Source Files</Filter>
    </ClCompile>
    <ClCompile Include="ZomSurv\AI\NavMesh.cpp">
      <Filter>Source Files</Filter>
    </ClCompile>
    <ClCompile Include="ZomSurv\Level\AmmoTrigger.cpp">
      <Filter>Source Files</Filter>
    </ClCompile>
  </ItemGroup>
  <ItemGroup>
    <ClInclude Include="Engine\Engine.h">
      <Filter>Header Files</Filter>
    </ClInclude>
    <ClInclude Include="src\sdpch.h">
      <Filter>Header Files</Filter>
    </ClInclude>
    <ClInclude Include="Window\Window.h">
      <Filter>Header Files</Filter>
    </ClInclude>
    <ClInclude Include="Window\WindowManager.h">
      <Filter>Header Files</Filter>
    </ClInclude>
    <ClInclude Include="Input\InputManager.h">
      <Filter>Header Files</Filter>
    </ClInclude>
    <ClInclude Include="Graphics\TextureManager.h">
      <Filter>Header Files</Filter>
    </ClInclude>
    <ClInclude Include="Logger\Log.h">
      <Filter>Header Files</Filter>
    </ClInclude>
    <ClInclude Include="GameObject\GameObject.h">
      <Filter>Header Files</Filter>
    </ClInclude>
    <ClInclude Include="Component\IComponent.h">
      <Filter>Header Files</Filter>
    </ClInclude>
    <ClInclude Include="Component\SpriteRenderer.h">
      <Filter>Header Files</Filter>
    </ClInclude>
    <ClInclude Include="GameObject\GameObjectManager.h">
      <Filter>Header Files</Filter>
    </ClInclude>
    <ClInclude Include="Component\RigidBody2D.h">
      <Filter>Header Files</Filter>
    </ClInclude>
    <ClInclude Include="Physics\Transform.h">
      <Filter>Header Files</Filter>
    </ClInclude>
    <ClInclude Include="Time\Time.h">
      <Filter>Header Files</Filter>
    </ClInclude>
    <ClInclude Include="Collision\CollisionHandler.h">
      <Filter>Header Files</Filter>
    </ClInclude>
    <ClInclude Include="Component\BoxCollider2D.h">
      <Filter>Header Files</Filter>
    </ClInclude>
    <ClInclude Include="Camera\OrthographicCamera.h">
      <Filter>Header Files</Filter>
    </ClInclude>
    <ClInclude Include="Camera\Camera.h">
      <Filter>Header Files</Filter>
    </ClInclude>
    <ClInclude Include="Scene\Scene.h">
      <Filter>Header Files</Filter>
    </ClInclude>
    <ClInclude Include="Scene\SceneManager.h">
      <Filter>Header Files</Filter>
    </ClInclude>
    <ClInclude Include="Graphics\Color.h">
      <Filter>Header Files</Filter>
    </ClInclude>
    <ClInclude Include="Texture.h">
      <Filter>Header Files</Filter>
    </ClInclude>
    <ClInclude Include="Component\CircleCollider2D.h">
      <Filter>Header Files</Filter>
    </ClInclude>
    <ClInclude Include="FileIO\IOManager.h">
      <Filter>Header Files</Filter>
    </ClInclude>
    <ClInclude Include="ZomSurv\Level\LevelParser.h">
      <Filter>Header Files</Filter>
    </ClInclude>
    <ClInclude Include="ZomSurv\Level\LevelData.h">
      <Filter>Header Files</Filter>
    </ClInclude>
    <ClInclude Include="ZomSurv\src\GameManager.h">
      <Filter>Header Files</Filter>
    </ClInclude>
    <ClInclude Include="ZomSurv\Entity\Player\Player.h">
      <Filter>Header Files</Filter>
    </ClInclude>
    <ClInclude Include="ZomSurv\Entity\IEntity.h">
      <Filter>Header Files</Filter>
    </ClInclude>
    <ClInclude Include="ZomSurv\Level\Room\RoomManager.h">
      <Filter>Header Files</Filter>
    </ClInclude>
    <ClInclude Include="ZomSurv\Level\LevelManager.h">
      <Filter>Header Files</Filter>
    </ClInclude>
    <ClInclude Include="ZomSurv\Level\DoorTrigger.h">
      <Filter>Header Files</Filter>
    </ClInclude>
    <ClInclude Include="Component\ITrigger.h">
      <Filter>Header Files</Filter>
    </ClInclude>
    <ClInclude Include="ZomSurv\Level\Door.h">
      <Filter>Header Files</Filter>
    </ClInclude>
    <ClInclude Include="ZomSurv\Entity\Zombie\IZombie.h">
      <Filter>Header Files</Filter>
    </ClInclude>
    <ClInclude Include="Random\Random.h">
      <Filter>Header Files</Filter>
    </ClInclude>
    <ClInclude Include="ZomSurv\src\GameStates\IGameState.h">
      <Filter>Header Files</Filter>
    </ClInclude>
    <ClInclude Include="ZomSurv\src\GameStates\PreWaveState.h">
      <Filter>Header Files</Filter>
    </ClInclude>
    <ClInclude Include="ZomSurv\src\GameStates\SpawningZombiesState.h">
      <Filter>Header Files</Filter>
    </ClInclude>
    <ClInclude Include="ZomSurv\src\ZombieManager.h">
      <Filter>Header Files</Filter>
    </ClInclude>
    <ClInclude Include="ZomSurv\src\GameStates\GameStateManager.h">
      <Filter>Header Files</Filter>
    </ClInclude>
    <ClInclude Include="ZomSurv\src\GameStates\WaveBeingPlayedState.h">
      <Filter>Header Files</Filter>
    </ClInclude>
    <ClInclude Include="Component\ICollisionMethods.h">
      <Filter>Header Files</Filter>
    </ClInclude>
    <ClInclude Include="ZomSurv\Entity\Zombie\ZombieCollision.h">
      <Filter>Header Files</Filter>
    </ClInclude>
    <ClInclude Include="Graphics\FontManager.h">
      <Filter>Header Files</Filter>
    </ClInclude>
    <ClInclude Include="ZomSurv\AI\NavMesh.h">
      <Filter>Header Files</Filter>
    </ClInclude>
    <ClInclude Include="ZomSurv\Weapons\Gun.h">
      <Filter>Header Files</Filter>
    </ClInclude>
    <ClInclude Include="ZomSurv\Weapons\GunManager.h">
      <Filter>Header Files</Filter>
    </ClInclude>
    <ClInclude Include="ZomSurv\Weapons\Ammo\Ammo.h">
      <Filter>Header Files</Filter>
    </ClInclude>
    <ClInclude Include="ZomSurv\Weapons\Bullet\Bullet.h">
      <Filter>Header Files</Filter>
    </ClInclude>
    <ClInclude Include="ZomSurv\Weapons\Bullet\BulletManager.h">
      <Filter>Header Files</Filter>
    </ClInclude>
    <ClInclude Include="ZomSurv\src\GameStates\WaveDisplayState.h">
      <Filter>Header Files</Filter>
    </ClInclude>
    <ClInclude Include="ZomSurv\src\GameSceneStates\MainMenuState.h">
      <Filter>Header Files</Filter>
    </ClInclude>
    <ClInclude Include="ZomSurv\src\GameSceneStates\LoadingState.h">
      <Filter>Header Files</Filter>
    </ClInclude>
    <ClInclude Include="ZomSurv\src\GameSceneStates\DeathState.h">
      <Filter>Header Files</Filter>
    </ClInclude>
    <ClInclude Include="Graphics\Button.h">
      <Filter>Header Files</Filter>
    </ClInclude>
    <ClInclude Include="ZomSurv\src\GameSceneStates\PlayingState.h">
      <Filter>Header Files</Filter>
    </ClInclude>
    <ClInclude Include="ZomSurv\Entity\Player\Hud.h">
      <Filter>Header Files</Filter>
    </ClInclude>
    <ClInclude Include="ZomSurv\Weapons\Bullet\BulletCollision.h">
      <Filter>Header Files</Filter>
    </ClInclude>
    <ClInclude Include="ZomSurv\PickUp\IPickUp.h">
      <Filter>Header Files</Filter>
    </ClInclude>
    <ClInclude Include="ZomSurv\PickUp\PickUpManager.h">
      <Filter>Header Files</Filter>
    </ClInclude>
    <ClInclude Include="ZomSurv\PickUp\PickupTriggers.h">
      <Filter>Header Files</Filter>
    </ClInclude>
    <ClInclude Include="ZomSurv\Level\PerkMachineTrigger.h">
      <Filter>Header Files</Filter>
    </ClInclude>
    <ClInclude Include="Audio\Audio.h">
      <Filter>Header Files</Filter>
    </ClInclude>
    <ClInclude Include="Audio\SoundEffect.h">
      <Filter>Header Files</Filter>
    </ClInclude>
    <ClInclude Include="Node.h">
      <Filter>Header Files</Filter>
    </ClInclude>
    <ClInclude Include="ZomSurv\Level\AmmoTrigger.h">
      <Filter>Header Files</Filter>
    </ClInclude>
  </ItemGroup>
  <ItemGroup>
    <Text Include="Ideas.txt" />
  </ItemGroup>
</Project>